
Microsoft Visual Studio Solution File, Format Version 12.00
# Visual Studio Version 17
VisualStudioVersion = 17.11.35327.3
MinimumVisualStudioVersion = 10.0.40219.1
Project("{FAE04EC0-301F-11D3-BF4B-00C04F79EFBC}") = "gmail", "gmail\gmail.csproj", "{7859966A-7135-44B2-9CB1-C40FC4751C77}"
EndProject
Global
	GlobalSection(SolutionConfigurationPlatforms) = preSolution
		Debug|Any CPU = Debug|Any CPU
		Release|Any CPU = Release|Any CPU
	EndGlobalSection
	GlobalSection(ProjectConfigurationPlatforms) = postSolution
		{7859966A-7135-44B2-9CB1-C40FC4751C77}.Debug|Any CPU.ActiveCfg = Debug|Any CPU
		{7859966A-7135-44B2-9CB1-C40FC4751C77}.Debug|Any CPU.Build.0 = Debug|Any CPU
		{7859966A-7135-44B2-9CB1-C40FC4751C77}.Release|Any CPU.ActiveCfg = Release|Any CPU
		{7859966A-7135-44B2-9CB1-C40FC4751C77}.Release|Any CPU.Build.0 = Release|Any CPU
	EndGlobalSection
	GlobalSection(SolutionProperties) = preSolution
		HideSolutionNode = FALSE
	EndGlobalSection
	GlobalSection(ExtensibilityGlobals) = postSolution
		SolutionGuid = {08B736A7-D6B3-4D8D-8AF6-8784B9498EA2}
	EndGlobalSection
EndGlobal
